// !$*UTF8*$!
{
	archiveVersion = 1;
	classes = {
	};
	objectVersion = 50;
	objects = {

/* Begin PBXBuildFile section */
		0A4B219122D1A54C0000901F /* AppDelegate.swift in Sources */ = {isa = PBXBuildFile; fileRef = 0A4B219022D1A54C0000901F /* AppDelegate.swift */; };
		0A4B219322D1A54C0000901F /* SceneDelegate.swift in Sources */ = {isa = PBXBuildFile; fileRef = 0A4B219222D1A54C0000901F /* SceneDelegate.swift */; };
		0A4B219522D1A54C0000901F /* ContentView.swift in Sources */ = {isa = PBXBuildFile; fileRef = 0A4B219422D1A54C0000901F /* ContentView.swift */; };
		0A4B219722D1A54E0000901F /* Assets.xcassets in Resources */ = {isa = PBXBuildFile; fileRef = 0A4B219622D1A54E0000901F /* Assets.xcassets */; };
		0A4B219A22D1A54E0000901F /* Preview Assets.xcassets in Resources */ = {isa = PBXBuildFile; fileRef = 0A4B219922D1A54E0000901F /* Preview Assets.xcassets */; };
		0A4B219D22D1A54E0000901F /* LaunchScreen.storyboard in Resources */ = {isa = PBXBuildFile; fileRef = 0A4B219B22D1A54E0000901F /* LaunchScreen.storyboard */; };
		0A8BECA522D3884E00CE80B7 /* Landscape - Desert.png in Resources */ = {isa = PBXBuildFile; fileRef = 0A8BEC8922D3884E00CE80B7 /* Landscape - Desert.png */; };
		0A8BECA622D3884E00CE80B7 /* Landscape - Trees.png in Resources */ = {isa = PBXBuildFile; fileRef = 0A8BEC8A22D3884E00CE80B7 /* Landscape - Trees.png */; };
		0A8BECA722D3884E00CE80B7 /* Landscape - Cityscape.png in Resources */ = {isa = PBXBuildFile; fileRef = 0A8BEC8B22D3884E00CE80B7 /* Landscape - Cityscape.png */; };
		0A8BECA822D3884E00CE80B7 /* Landscape - Castle.png in Resources */ = {isa = PBXBuildFile; fileRef = 0A8BEC8C22D3884E00CE80B7 /* Landscape - Castle.png */; };
		0A8BECA922D3884E00CE80B7 /* Landscape - Fields.png in Resources */ = {isa = PBXBuildFile; fileRef = 0A8BEC8D22D3884E00CE80B7 /* Landscape - Fields.png */; };
		0A8BECAA22D3884E00CE80B7 /* Landscape - Spruce.png in Resources */ = {isa = PBXBuildFile; fileRef = 0A8BEC8E22D3884E00CE80B7 /* Landscape - Spruce.png */; };
		0A8BECAB22D3884E00CE80B7 /* Landscape - Another Home.png in Resources */ = {isa = PBXBuildFile; fileRef = 0A8BEC8F22D3884E00CE80B7 /* Landscape - Another Home.png */; };
		0A8BECAC22D3884E00CE80B7 /* Landscape - Sea.png in Resources */ = {isa = PBXBuildFile; fileRef = 0A8BEC9022D3884E00CE80B7 /* Landscape - Sea.png */; };
		0A8BECAD22D3884E00CE80B7 /* Landscape - More Fields.png in Resources */ = {isa = PBXBuildFile; fileRef = 0A8BEC9122D3884E00CE80B7 /* Landscape - More Fields.png */; };
		0A8BECAE22D3884E00CE80B7 /* Landscape - Island.png in Resources */ = {isa = PBXBuildFile; fileRef = 0A8BEC9222D3884E00CE80B7 /* Landscape - Island.png */; };
		0A8BECAF22D3884E00CE80B7 /* Landscape - Bridge.png in Resources */ = {isa = PBXBuildFile; fileRef = 0A8BEC9322D3884E00CE80B7 /* Landscape - Bridge.png */; };
		0A8BECB022D3884E00CE80B7 /* Landscape - More Mountains.png in Resources */ = {isa = PBXBuildFile; fileRef = 0A8BEC9422D3884E00CE80B7 /* Landscape - More Mountains.png */; };
		0A8BECB122D3884E00CE80B7 /* Landscape - Forest.png in Resources */ = {isa = PBXBuildFile; fileRef = 0A8BEC9522D3884E00CE80B7 /* Landscape - Forest.png */; };
		0A8BECB222D3884E00CE80B7 /* Landscape - Nuclear Plant.png in Resources */ = {isa = PBXBuildFile; fileRef = 0A8BEC9622D3884E00CE80B7 /* Landscape - Nuclear Plant.png */; };
		0A8BECB322D3884E00CE80B7 /* Landscape - Cape.png in Resources */ = {isa = PBXBuildFile; fileRef = 0A8BEC9722D3884E00CE80B7 /* Landscape - Cape.png */; };
		0A8BECB422D3884E00CE80B7 /* Landscape - Another Desert.png in Resources */ = {isa = PBXBuildFile; fileRef = 0A8BEC9822D3884E00CE80B7 /* Landscape - Another Desert.png */; };
		0A8BECB522D3884E00CE80B7 /* Landscape - Beach.png in Resources */ = {isa = PBXBuildFile; fileRef = 0A8BEC9922D3884E00CE80B7 /* Landscape - Beach.png */; };
		0A8BECB622D3884E00CE80B7 /* Landscape - Village.png in Resources */ = {isa = PBXBuildFile; fileRef = 0A8BEC9A22D3884E00CE80B7 /* Landscape - Village.png */; };
		0A8BECB722D3884E00CE80B7 /* Landscape - Hills.png in Resources */ = {isa = PBXBuildFile; fileRef = 0A8BEC9B22D3884E00CE80B7 /* Landscape - Hills.png */; };
		0A8BECB822D3884E00CE80B7 /* Landscape - Another Waterfall.png in Resources */ = {isa = PBXBuildFile; fileRef = 0A8BEC9C22D3884E00CE80B7 /* Landscape - Another Waterfall.png */; };
		0A8BECB922D3884E00CE80B7 /* Landscape - Home.png in Resources */ = {isa = PBXBuildFile; fileRef = 0A8BEC9D22D3884E00CE80B7 /* Landscape - Home.png */; };
		0A8BECBA22D3884E00CE80B7 /* Landscape - Waterfall.png in Resources */ = {isa = PBXBuildFile; fileRef = 0A8BEC9E22D3884E00CE80B7 /* Landscape - Waterfall.png */; };
		0A8BECBB22D3884E00CE80B7 /* Landscape - River.png in Resources */ = {isa = PBXBuildFile; fileRef = 0A8BEC9F22D3884E00CE80B7 /* Landscape - River.png */; };
		0A8BECBC22D3884E00CE80B7 /* Landscape - Mountains.png in Resources */ = {isa = PBXBuildFile; fileRef = 0A8BECA022D3884E00CE80B7 /* Landscape - Mountains.png */; };
		0A8BECBD22D3884E00CE80B7 /* Landscape - Mill.png in Resources */ = {isa = PBXBuildFile; fileRef = 0A8BECA122D3884E00CE80B7 /* Landscape - Mill.png */; };
		0A8BECBE22D3884E00CE80B7 /* Landscape - Windmills.png in Resources */ = {isa = PBXBuildFile; fileRef = 0A8BECA222D3884E00CE80B7 /* Landscape - Windmills.png */; };
		0A8BECBF22D3884E00CE80B7 /* Landscape - Iceberg.png in Resources */ = {isa = PBXBuildFile; fileRef = 0A8BECA322D3884E00CE80B7 /* Landscape - Iceberg.png */; };
		0A8BECC022D3884E00CE80B7 /* Landscape - Ruins.png in Resources */ = {isa = PBXBuildFile; fileRef = 0A8BECA422D3884E00CE80B7 /* Landscape - Ruins.png */; };
		0AC3473C22D1B48100569038 /* DataSource.swift in Sources */ = {isa = PBXBuildFile; fileRef = 0AC3473B22D1B48100569038 /* DataSource.swift */; };
		0AC3477722D1C75E00569038 /* ContentDetail.swift in Sources */ = {isa = PBXBuildFile; fileRef = 0AC3477622D1C75E00569038 /* ContentDetail.swift */; };
/* End PBXBuildFile section */

/* Begin PBXFileReference section */
		0A4B218D22D1A54C0000901F /* Project001.app */ = {isa = PBXFileReference; explicitFileType = wrapper.application; includeInIndex = 0; path = Project001.app; sourceTree = BUILT_PRODUCTS_DIR; };
		0A4B219022D1A54C0000901F /* AppDelegate.swift */ = {isa = PBXFileReference; lastKnownFileType = sourcecode.swift; path = AppDelegate.swift; sourceTree = "<group>"; };
		0A4B219222D1A54C0000901F /* SceneDelegate.swift */ = {isa = PBXFileReference; lastKnownFileType = sourcecode.swift; path = SceneDelegate.swift; sourceTree = "<group>"; };
		0A4B219422D1A54C0000901F /* ContentView.swift */ = {isa = PBXFileReference; lastKnownFileType = sourcecode.swift; path = ContentView.swift; sourceTree = "<group>"; };
		0A4B219622D1A54E0000901F /* Assets.xcassets */ = {isa = PBXFileReference; lastKnownFileType = folder.assetcatalog; path = Assets.xcassets; sourceTree = "<group>"; };
		0A4B219922D1A54E0000901F /* Preview Assets.xcassets */ = {isa = PBXFileReference; lastKnownFileType = folder.assetcatalog; path = "Preview Assets.xcassets"; sourceTree = "<group>"; };
		0A4B219C22D1A54E0000901F /* Base */ = {isa = PBXFileReference; lastKnownFileType = file.storyboard; name = Base; path = Base.lproj/LaunchScreen.storyboard; sourceTree = "<group>"; };
		0A4B219E22D1A54E0000901F /* Info.plist */ = {isa = PBXFileReference; lastKnownFileType = text.plist.xml; path = Info.plist; sourceTree = "<group>"; };
		0A8BEC8922D3884E00CE80B7 /* Landscape - Desert.png */ = {isa = PBXFileReference; lastKnownFileType = image.png; path = "Landscape - Desert.png"; sourceTree = "<group>"; };
		0A8BEC8A22D3884E00CE80B7 /* Landscape - Trees.png */ = {isa = PBXFileReference; lastKnownFileType = image.png; path = "Landscape - Trees.png"; sourceTree = "<group>"; };
		0A8BEC8B22D3884E00CE80B7 /* Landscape - Cityscape.png */ = {isa = PBXFileReference; lastKnownFileType = image.png; path = "Landscape - Cityscape.png"; sourceTree = "<group>"; };
		0A8BEC8C22D3884E00CE80B7 /* Landscape - Castle.png */ = {isa = PBXFileReference; lastKnownFileType = image.png; path = "Landscape - Castle.png"; sourceTree = "<group>"; };
		0A8BEC8D22D3884E00CE80B7 /* Landscape - Fields.png */ = {isa = PBXFileReference; lastKnownFileType = image.png; path = "Landscape - Fields.png"; sourceTree = "<group>"; };
		0A8BEC8E22D3884E00CE80B7 /* Landscape - Spruce.png */ = {isa = PBXFileReference; lastKnownFileType = image.png; path = "Landscape - Spruce.png"; sourceTree = "<group>"; };
		0A8BEC8F22D3884E00CE80B7 /* Landscape - Another Home.png */ = {isa = PBXFileReference; lastKnownFileType = image.png; path = "Landscape - Another Home.png"; sourceTree = "<group>"; };
		0A8BEC9022D3884E00CE80B7 /* Landscape - Sea.png */ = {isa = PBXFileReference; lastKnownFileType = image.png; path = "Landscape - Sea.png"; sourceTree = "<group>"; };
		0A8BEC9122D3884E00CE80B7 /* Landscape - More Fields.png */ = {isa = PBXFileReference; lastKnownFileType = image.png; path = "Landscape - More Fields.png"; sourceTree = "<group>"; };
		0A8BEC9222D3884E00CE80B7 /* Landscape - Island.png */ = {isa = PBXFileReference; lastKnownFileType = image.png; path = "Landscape - Island.png"; sourceTree = "<group>"; };
		0A8BEC9322D3884E00CE80B7 /* Landscape - Bridge.png */ = {isa = PBXFileReference; lastKnownFileType = image.png; path = "Landscape - Bridge.png"; sourceTree = "<group>"; };
		0A8BEC9422D3884E00CE80B7 /* Landscape - More Mountains.png */ = {isa = PBXFileReference; lastKnownFileType = image.png; path = "Landscape - More Mountains.png"; sourceTree = "<group>"; };
		0A8BEC9522D3884E00CE80B7 /* Landscape - Forest.png */ = {isa = PBXFileReference; lastKnownFileType = image.png; path = "Landscape - Forest.png"; sourceTree = "<group>"; };
		0A8BEC9622D3884E00CE80B7 /* Landscape - Nuclear Plant.png */ = {isa = PBXFileReference; lastKnownFileType = image.png; path = "Landscape - Nuclear Plant.png"; sourceTree = "<group>"; };
		0A8BEC9722D3884E00CE80B7 /* Landscape - Cape.png */ = {isa = PBXFileReference; lastKnownFileType = image.png; path = "Landscape - Cape.png"; sourceTree = "<group>"; };
		0A8BEC9822D3884E00CE80B7 /* Landscape - Another Desert.png */ = {isa = PBXFileReference; lastKnownFileType = image.png; path = "Landscape - Another Desert.png"; sourceTree = "<group>"; };
		0A8BEC9922D3884E00CE80B7 /* Landscape - Beach.png */ = {isa = PBXFileReference; lastKnownFileType = image.png; path = "Landscape - Beach.png"; sourceTree = "<group>"; };
		0A8BEC9A22D3884E00CE80B7 /* Landscape - Village.png */ = {isa = PBXFileReference; lastKnownFileType = image.png; path = "Landscape - Village.png"; sourceTree = "<group>"; };
		0A8BEC9B22D3884E00CE80B7 /* Landscape - Hills.png */ = {isa = PBXFileReference; lastKnownFileType = image.png; path = "Landscape - Hills.png"; sourceTree = "<group>"; };
		0A8BEC9C22D3884E00CE80B7 /* Landscape - Another Waterfall.png */ = {isa = PBXFileReference; lastKnownFileType = image.png; path = "Landscape - Another Waterfall.png"; sourceTree = "<group>"; };
		0A8BEC9D22D3884E00CE80B7 /* Landscape - Home.png */ = {isa = PBXFileReference; lastKnownFileType = image.png; path = "Landscape - Home.png"; sourceTree = "<group>"; };
		0A8BEC9E22D3884E00CE80B7 /* Landscape - Waterfall.png */ = {isa = PBXFileReference; lastKnownFileType = image.png; path = "Landscape - Waterfall.png"; sourceTree = "<group>"; };
		0A8BEC9F22D3884E00CE80B7 /* Landscape - River.png */ = {isa = PBXFileReference; lastKnownFileType = image.png; path = "Landscape - River.png"; sourceTree = "<group>"; };
		0A8BECA022D3884E00CE80B7 /* Landscape - Mountains.png */ = {isa = PBXFileReference; lastKnownFileType = image.png; path = "Landscape - Mountains.png"; sourceTree = "<group>"; };
		0A8BECA122D3884E00CE80B7 /* Landscape - Mill.png */ = {isa = PBXFileReference; lastKnownFileType = image.png; path = "Landscape - Mill.png"; sourceTree = "<group>"; };
		0A8BECA222D3884E00CE80B7 /* Landscape - Windmills.png */ = {isa = PBXFileReference; lastKnownFileType = image.png; path = "Landscape - Windmills.png"; sourceTree = "<group>"; };
		0A8BECA322D3884E00CE80B7 /* Landscape - Iceberg.png */ = {isa = PBXFileReference; lastKnownFileType = image.png; path = "Landscape - Iceberg.png"; sourceTree = "<group>"; };
		0A8BECA422D3884E00CE80B7 /* Landscape - Ruins.png */ = {isa = PBXFileReference; lastKnownFileType = image.png; path = "Landscape - Ruins.png"; sourceTree = "<group>"; };
		0AC3473B22D1B48100569038 /* DataSource.swift */ = {isa = PBXFileReference; lastKnownFileType = sourcecode.swift; path = DataSource.swift; sourceTree = "<group>"; };
		0AC3477622D1C75E00569038 /* ContentDetail.swift */ = {isa = PBXFileReference; lastKnownFileType = sourcecode.swift; path = ContentDetail.swift; sourceTree = "<group>"; };
/* End PBXFileReference section */

/* Begin PBXFrameworksBuildPhase section */
		0A4B218A22D1A54C0000901F /* Frameworks */ = {
			isa = PBXFrameworksBuildPhase;
			buildActionMask = 2147483647;
			files = (
			);
			runOnlyForDeploymentPostprocessing = 0;
		};
/* End PBXFrameworksBuildPhase section */

/* Begin PBXGroup section */
		0A4B218422D1A54C0000901F = {
			isa = PBXGroup;
			children = (
				0A8BEC8822D3884E00CE80B7 /* png */,
				0A4B218F22D1A54C0000901F /* Project001 */,
				0A4B218E22D1A54C0000901F /* Products */,
			);
			sourceTree = "<group>";
		};
		0A4B218E22D1A54C0000901F /* Products */ = {
			isa = PBXGroup;
			children = (
				0A4B218D22D1A54C0000901F /* Project001.app */,
			);
			name = Products;
			sourceTree = "<group>";
		};
		0A4B218F22D1A54C0000901F /* Project001 */ = {
			isa = PBXGroup;
			children = (
				0A4B219022D1A54C0000901F /* AppDelegate.swift */,
				0A4B219222D1A54C0000901F /* SceneDelegate.swift */,
				0A4B219422D1A54C0000901F /* ContentView.swift */,
				0AC3477622D1C75E00569038 /* ContentDetail.swift */,
				0AC3473B22D1B48100569038 /* DataSource.swift */,
				0A4B219622D1A54E0000901F /* Assets.xcassets */,
				0A4B219B22D1A54E0000901F /* LaunchScreen.storyboard */,
				0A4B219E22D1A54E0000901F /* Info.plist */,
				0A4B219822D1A54E0000901F /* Preview Content */,
			);
			path = Project001;
			sourceTree = "<group>";
		};
		0A4B219822D1A54E0000901F /* Preview Content */ = {
			isa = PBXGroup;
			children = (
				0A4B219922D1A54E0000901F /* Preview Assets.xcassets */,
			);
			path = "Preview Content";
			sourceTree = "<group>";
		};
		0A8BEC8822D3884E00CE80B7 /* png */ = {
			isa = PBXGroup;
			children = (
				0A8BEC8922D3884E00CE80B7 /* Landscape - Desert.png */,
				0A8BEC8A22D3884E00CE80B7 /* Landscape - Trees.png */,
				0A8BEC8B22D3884E00CE80B7 /* Landscape - Cityscape.png */,
				0A8BEC8C22D3884E00CE80B7 /* Landscape - Castle.png */,
				0A8BEC8D22D3884E00CE80B7 /* Landscape - Fields.png */,
				0A8BEC8E22D3884E00CE80B7 /* Landscape - Spruce.png */,
				0A8BEC8F22D3884E00CE80B7 /* Landscape - Another Home.png */,
				0A8BEC9022D3884E00CE80B7 /* Landscape - Sea.png */,
				0A8BEC9122D3884E00CE80B7 /* Landscape - More Fields.png */,
				0A8BEC9222D3884E00CE80B7 /* Landscape - Island.png */,
				0A8BEC9322D3884E00CE80B7 /* Landscape - Bridge.png */,
				0A8BEC9422D3884E00CE80B7 /* Landscape - More Mountains.png */,
				0A8BEC9522D3884E00CE80B7 /* Landscape - Forest.png */,
				0A8BEC9622D3884E00CE80B7 /* Landscape - Nuclear Plant.png */,
				0A8BEC9722D3884E00CE80B7 /* Landscape - Cape.png */,
				0A8BEC9822D3884E00CE80B7 /* Landscape - Another Desert.png */,
				0A8BEC9922D3884E00CE80B7 /* Landscape - Beach.png */,
				0A8BEC9A22D3884E00CE80B7 /* Landscape - Village.png */,
				0A8BEC9B22D3884E00CE80B7 /* Landscape - Hills.png */,
				0A8BEC9C22D3884E00CE80B7 /* Landscape - Another Waterfall.png */,
				0A8BEC9D22D3884E00CE80B7 /* Landscape - Home.png */,
				0A8BEC9E22D3884E00CE80B7 /* Landscape - Waterfall.png */,
				0A8BEC9F22D3884E00CE80B7 /* Landscape - River.png */,
				0A8BECA022D3884E00CE80B7 /* Landscape - Mountains.png */,
				0A8BECA122D3884E00CE80B7 /* Landscape - Mill.png */,
				0A8BECA222D3884E00CE80B7 /* Landscape - Windmills.png */,
				0A8BECA322D3884E00CE80B7 /* Landscape - Iceberg.png */,
				0A8BECA422D3884E00CE80B7 /* Landscape - Ruins.png */,
			);
			path = png;
			sourceTree = "<group>";
		};
/* End PBXGroup section */

/* Begin PBXNativeTarget section */
		0A4B218C22D1A54C0000901F /* Project001 */ = {
			isa = PBXNativeTarget;
			buildConfigurationList = 0A4B21A122D1A54E0000901F /* Build configuration list for PBXNativeTarget "Project001" */;
			buildPhases = (
				0A4B218922D1A54C0000901F /* Sources */,
				0A4B218A22D1A54C0000901F /* Frameworks */,
				0A4B218B22D1A54C0000901F /* Resources */,
			);
			buildRules = (
			);
			dependencies = (
			);
			name = Project001;
			productName = Project001;
			productReference = 0A4B218D22D1A54C0000901F /* Project001.app */;
			productType = "com.apple.product-type.application";
		};
/* End PBXNativeTarget section */

/* Begin PBXProject section */
		0A4B218522D1A54C0000901F /* Project object */ = {
			isa = PBXProject;
			attributes = {
				LastSwiftUpdateCheck = 1100;
				LastUpgradeCheck = 1100;
				ORGANIZATIONNAME = 100DaysOfSwiftUI;
				TargetAttributes = {
					0A4B218C22D1A54C0000901F = {
						CreatedOnToolsVersion = 11.0;
					};
				};
			};
			buildConfigurationList = 0A4B218822D1A54C0000901F /* Build configuration list for PBXProject "Project001" */;
			compatibilityVersion = "Xcode 9.3";
			developmentRegion = en;
			hasScannedForEncodings = 0;
			knownRegions = (
				en,
				Base,
			);
			mainGroup = 0A4B218422D1A54C0000901F;
			productRefGroup = 0A4B218E22D1A54C0000901F /* Products */;
			projectDirPath = "";
			projectRoot = "";
			targets = (
				0A4B218C22D1A54C0000901F /* Project001 */,
			);
		};
/* End PBXProject section */

/* Begin PBXResourcesBuildPhase section */
		0A4B218B22D1A54C0000901F /* Resources */ = {
			isa = PBXResourcesBuildPhase;
			buildActionMask = 2147483647;
			files = (
				0A8BECB922D3884E00CE80B7 /* Landscape - Home.png in Resources */,
				0A8BECBD22D3884E00CE80B7 /* Landscape - Mill.png in Resources */,
				0A8BECAA22D3884E00CE80B7 /* Landscape - Spruce.png in Resources */,
				0A8BECBF22D3884E00CE80B7 /* Landscape - Iceberg.png in Resources */,
				0A8BECA922D3884E00CE80B7 /* Landscape - Fields.png in Resources */,
				0A8BECB622D3884E00CE80B7 /* Landscape - Village.png in Resources */,
				0A8BECAF22D3884E00CE80B7 /* Landscape - Bridge.png in Resources */,
				0A8BECB722D3884E00CE80B7 /* Landscape - Hills.png in Resources */,
				0A8BECB422D3884E00CE80B7 /* Landscape - Another Desert.png in Resources */,
				0A8BECC022D3884E00CE80B7 /* Landscape - Ruins.png in Resources */,
				0A8BECA522D3884E00CE80B7 /* Landscape - Desert.png in Resources */,
				0A8BECB122D3884E00CE80B7 /* Landscape - Forest.png in Resources */,
				0A8BECBE22D3884E00CE80B7 /* Landscape - Windmills.png in Resources */,
				0A8BECBA22D3884E00CE80B7 /* Landscape - Waterfall.png in Resources */,
				0A8BECBB22D3884E00CE80B7 /* Landscape - River.png in Resources */,
				0A8BECAB22D3884E00CE80B7 /* Landscape - Another Home.png in Resources */,
				0A4B219D22D1A54E0000901F /* LaunchScreen.storyboard in Resources */,
				0A4B219A22D1A54E0000901F /* Preview Assets.xcassets in Resources */,
				0A4B219722D1A54E0000901F /* Assets.xcassets in Resources */,
				0A8BECB222D3884E00CE80B7 /* Landscape - Nuclear Plant.png in Resources */,
				0A8BECBC22D3884E00CE80B7 /* Landscape - Mountains.png in Resources */,
				0A8BECA622D3884E00CE80B7 /* Landscape - Trees.png in Resources */,
				0A8BECB022D3884E00CE80B7 /* Landscape - More Mountains.png in Resources */,
				0A8BECAD22D3884E00CE80B7 /* Landscape - More Fields.png in Resources */,
				0A8BECAC22D3884E00CE80B7 /* Landscape - Sea.png in Resources */,
				0A8BECB522D3884E00CE80B7 /* Landscape - Beach.png in Resources */,
				0A8BECB322D3884E00CE80B7 /* Landscape - Cape.png in Resources */,
				0A8BECAE22D3884E00CE80B7 /* Landscape - Island.png in Resources */,
				0A8BECA822D3884E00CE80B7 /* Landscape - Castle.png in Resources */,
				0A8BECA722D3884E00CE80B7 /* Landscape - Cityscape.png in Resources */,
				0A8BECB822D3884E00CE80B7 /* Landscape - Another Waterfall.png in Resources */,
			);
			runOnlyForDeploymentPostprocessing = 0;
		};
/* End PBXResourcesBuildPhase section */

/* Begin PBXSourcesBuildPhase section */
		0A4B218922D1A54C0000901F /* Sources */ = {
			isa = PBXSourcesBuildPhase;
			buildActionMask = 2147483647;
			files = (
				0AC3477722D1C75E00569038 /* ContentDetail.swift in Sources */,
				0A4B219122D1A54C0000901F /* AppDelegate.swift in Sources */,
				0AC3473C22D1B48100569038 /* DataSource.swift in Sources */,
				0A4B219322D1A54C0000901F /* SceneDelegate.swift in Sources */,
				0A4B219522D1A54C0000901F /* ContentView.swift in Sources */,
			);
			runOnlyForDeploymentPostprocessing = 0;
		};
/* End PBXSourcesBuildPhase section */

/* Begin PBXVariantGroup section */
		0A4B219B22D1A54E0000901F /* LaunchScreen.storyboard */ = {
			isa = PBXVariantGroup;
			children = (
				0A4B219C22D1A54E0000901F /* Base */,
			);
			name = LaunchScreen.storyboard;
			sourceTree = "<group>";
		};
/* End PBXVariantGroup section */

/* Begin XCBuildConfiguration section */
		0A4B219F22D1A54E0000901F /* Debug */ = {
			isa = XCBuildConfiguration;
			buildSettings = {
				ALWAYS_SEARCH_USER_PATHS = NO;
				CLANG_ANALYZER_NONNULL = YES;
				CLANG_ANALYZER_NUMBER_OBJECT_CONVERSION = YES_AGGRESSIVE;
				CLANG_CXX_LANGUAGE_STANDARD = "gnu++14";
				CLANG_CXX_LIBRARY = "libc++";
				CLANG_ENABLE_MODULES = YES;
				CLANG_ENABLE_OBJC_ARC = YES;
				CLANG_ENABLE_OBJC_WEAK = YES;
				CLANG_WARN_BLOCK_CAPTURE_AUTORELEASING = YES;
				CLANG_WARN_BOOL_CONVERSION = YES;
				CLANG_WARN_COMMA = YES;
				CLANG_WARN_CONSTANT_CONVERSION = YES;
				CLANG_WARN_DEPRECATED_OBJC_IMPLEMENTATIONS = YES;
				CLANG_WARN_DIRECT_OBJC_ISA_USAGE = YES_ERROR;
				CLANG_WARN_DOCUMENTATION_COMMENTS = YES;
				CLANG_WARN_EMPTY_BODY = YES;
				CLANG_WARN_ENUM_CONVERSION = YES;
				CLANG_WARN_INFINITE_RECURSION = YES;
				CLANG_WARN_INT_CONVERSION = YES;
				CLANG_WARN_NON_LITERAL_NULL_CONVERSION = YES;
				CLANG_WARN_OBJC_IMPLICIT_RETAIN_SELF = YES;
				CLANG_WARN_OBJC_LITERAL_CONVERSION = YES;
				CLANG_WARN_OBJC_ROOT_CLASS = YES_ERROR;
				CLANG_WARN_RANGE_LOOP_ANALYSIS = YES;
				CLANG_WARN_STRICT_PROTOTYPES = YES;
				CLANG_WARN_SUSPICIOUS_MOVE = YES;
				CLANG_WARN_UNGUARDED_AVAILABILITY = YES_AGGRESSIVE;
				CLANG_WARN_UNREACHABLE_CODE = YES;
				CLANG_WARN__DUPLICATE_METHOD_MATCH = YES;
				COPY_PHASE_STRIP = NO;
				DEBUG_INFORMATION_FORMAT = dwarf;
				ENABLE_STRICT_OBJC_MSGSEND = YES;
				ENABLE_TESTABILITY = YES;
				GCC_C_LANGUAGE_STANDARD = gnu11;
				GCC_DYNAMIC_NO_PIC = NO;
				GCC_NO_COMMON_BLOCKS = YES;
				GCC_OPTIMIZATION_LEVEL = 0;
				GCC_PREPROCESSOR_DEFINITIONS = (
					"DEBUG=1",
					"$(inherited)",
				);
				GCC_WARN_64_TO_32_BIT_CONVERSION = YES;
				GCC_WARN_ABOUT_RETURN_TYPE = YES_ERROR;
				GCC_WARN_UNDECLARED_SELECTOR = YES;
				GCC_WARN_UNINITIALIZED_AUTOS = YES_AGGRESSIVE;
				GCC_WARN_UNUSED_FUNCTION = YES;
				GCC_WARN_UNUSED_VARIABLE = YES;
				IPHONEOS_DEPLOYMENT_TARGET = 13.0;
				MTL_ENABLE_DEBUG_INFO = INCLUDE_SOURCE;
				MTL_FAST_MATH = YES;
				ONLY_ACTIVE_ARCH = YES;
				SDKROOT = iphoneos;
				SWIFT_ACTIVE_COMPILATION_CONDITIONS = DEBUG;
				SWIFT_OPTIMIZATION_LEVEL = "-Onone";
			};
			name = Debug;
		};
		0A4B21A022D1A54E0000901F /* Release */ = {
			isa = XCBuildConfiguration;
			buildSettings = {
				ALWAYS_SEARCH_USER_PATHS = NO;
				CLANG_ANALYZER_NONNULL = YES;
				CLANG_ANALYZER_NUMBER_OBJECT_CONVERSION = YES_AGGRESSIVE;
				CLANG_CXX_LANGUAGE_STANDARD = "gnu++14";
				CLANG_CXX_LIBRARY = "libc++";
				CLANG_ENABLE_MODULES = YES;
				CLANG_ENABLE_OBJC_ARC = YES;
				CLANG_ENABLE_OBJC_WEAK = YES;
				CLANG_WARN_BLOCK_CAPTURE_AUTORELEASING = YES;
				CLANG_WARN_BOOL_CONVERSION = YES;
				CLANG_WARN_COMMA = YES;
				CLANG_WARN_CONSTANT_CONVERSION = YES;
				CLANG_WARN_DEPRECATED_OBJC_IMPLEMENTATIONS = YES;
				CLANG_WARN_DIRECT_OBJC_ISA_USAGE = YES_ERROR;
				CLANG_WARN_DOCUMENTATION_COMMENTS = YES;
				CLANG_WARN_EMPTY_BODY = YES;
				CLANG_WARN_ENUM_CONVERSION = YES;
				CLANG_WARN_INFINITE_RECURSION = YES;
				CLANG_WARN_INT_CONVERSION = YES;
				CLANG_WARN_NON_LITERAL_NULL_CONVERSION = YES;
				CLANG_WARN_OBJC_IMPLICIT_RETAIN_SELF = YES;
				CLANG_WARN_OBJC_LITERAL_CONVERSION = YES;
				CLANG_WARN_OBJC_ROOT_CLASS = YES_ERROR;
				CLANG_WARN_RANGE_LOOP_ANALYSIS = YES;
				CLANG_WARN_STRICT_PROTOTYPES = YES;
				CLANG_WARN_SUSPICIOUS_MOVE = YES;
				CLANG_WARN_UNGUARDED_AVAILABILITY = YES_AGGRESSIVE;
				CLANG_WARN_UNREACHABLE_CODE = YES;
				CLANG_WARN__DUPLICATE_METHOD_MATCH = YES;
				COPY_PHASE_STRIP = NO;
				DEBUG_INFORMATION_FORMAT = "dwarf-with-dsym";
				ENABLE_NS_ASSERTIONS = NO;
				ENABLE_STRICT_OBJC_MSGSEND = YES;
				GCC_C_LANGUAGE_STANDARD = gnu11;
				GCC_NO_COMMON_BLOCKS = YES;
				GCC_WARN_64_TO_32_BIT_CONVERSION = YES;
				GCC_WARN_ABOUT_RETURN_TYPE = YES_ERROR;
				GCC_WARN_UNDECLARED_SELECTOR = YES;
				GCC_WARN_UNINITIALIZED_AUTOS = YES_AGGRESSIVE;
				GCC_WARN_UNUSED_FUNCTION = YES;
				GCC_WARN_UNUSED_VARIABLE = YES;
				IPHONEOS_DEPLOYMENT_TARGET = 13.0;
				MTL_ENABLE_DEBUG_INFO = NO;
				MTL_FAST_MATH = YES;
				SDKROOT = iphoneos;
				SWIFT_COMPILATION_MODE = wholemodule;
				SWIFT_OPTIMIZATION_LEVEL = "-O";
				VALIDATE_PRODUCT = YES;
			};
			name = Release;
		};
		0A4B21A222D1A54E0000901F /* Debug */ = {
			isa = XCBuildConfiguration;
			buildSettings = {
				ASSETCATALOG_COMPILER_APPICON_NAME = AppIcon;
				CODE_SIGN_STYLE = Automatic;
				DEVELOPMENT_ASSET_PATHS = "Project001/Preview\\ Content";
				DEVELOPMENT_TEAM = YQZQG7N4WG;
				ENABLE_PREVIEWS = YES;
				INFOPLIST_FILE = Project001/Info.plist;
				LD_RUNPATH_SEARCH_PATHS = (
					"$(inherited)",
					"@executable_path/Frameworks",
				);
				PRODUCT_BUNDLE_IDENTIFIER = com.RudrankRiyam.Project001;
				PRODUCT_NAME = "$(TARGET_NAME)";
				SWIFT_VERSION = 5.0;
				TARGETED_DEVICE_FAMILY = "1,2";
			};
			name = Debug;
		};
		0A4B21A322D1A54E0000901F /* Release */ = {
			isa = XCBuildConfiguration;
			buildSettings = {
				ASSETCATALOG_COMPILER_APPICON_NAME = AppIcon;
				CODE_SIGN_STYLE = Automatic;
				DEVELOPMENT_ASSET_PATHS = "Project001/Preview\\ Content";
				DEVELOPMENT_TEAM = YQZQG7N4WG;
				ENABLE_PREVIEWS = YES;
				INFOPLIST_FILE = Project001/Info.plist;
				LD_RUNPATH_SEARCH_PATHS = (
					"$(inherited)",
					"@executable_path/Frameworks",
				);
				PRODUCT_BUNDLE_IDENTIFIER = com.RudrankRiyam.Project001;
				PRODUCT_NAME = "$(TARGET_NAME)";
				SWIFT_VERSION = 5.0;
				TARGETED_DEVICE_FAMILY = "1,2";
			};
			name = Release;
		};
/* End XCBuildConfiguration section */

/* Begin XCConfigurationList section */
		0A4B218822D1A54C0000901F /* Build configuration list for PBXProject "Project001" */ = {
			isa = XCConfigurationList;
			buildConfigurations = (
				0A4B219F22D1A54E0000901F /* Debug */,
				0A4B21A022D1A54E0000901F /* Release */,
			);
			defaultConfigurationIsVisible = 0;
			defaultConfigurationName = Release;
		};
		0A4B21A122D1A54E0000901F /* Build configuration list for PBXNativeTarget "Project001" */ = {
			isa = XCConfigurationList;
			buildConfigurations = (
				0A4B21A222D1A54E0000901F /* Debug */,
				0A4B21A322D1A54E0000901F /* Release */,
			);
			defaultConfigurationIsVisible = 0;
			defaultConfigurationName = Release;
		};
/* End XCConfigurationList section */
	};
	rootObject = 0A4B218522D1A54C0000901F /* Project object */;
}
